
Microsoft Visual Studio Solution File, Format Version 12.00
# Visual Studio 15
VisualStudioVersion = 15.0.28307.168
MinimumVisualStudioVersion = 10.0.40219.1
Project("{FAE04EC0-301F-11D3-BF4B-00C04F79EFBC}") = "FreeWheel", "FreeWheel\FreeWheel.csproj", "{FE144536-8BA2-4CCF-ADB5-3C7991059A2A}"
EndProject
Global
	GlobalSection(SolutionConfigurationPlatforms) = preSolution
		Debug|Any CPU = Debug|Any CPU
		Release|Any CPU = Release|Any CPU
	EndGlobalSection
	GlobalSection(ProjectConfigurationPlatforms) = postSolution
		{FE144536-8BA2-4CCF-ADB5-3C7991059A2A}.Debug|Any CPU.ActiveCfg = Debug|Any CPU
		{FE144536-8BA2-4CCF-ADB5-3C7991059A2A}.Debug|Any CPU.Build.0 = Debug|Any CPU
		{FE144536-8BA2-4CCF-ADB5-3C7991059A2A}.Release|Any CPU.ActiveCfg = Release|Any CPU
		{FE144536-8BA2-4CCF-ADB5-3C7991059A2A}.Release|Any CPU.Build.0 = Release|Any CPU
	EndGlobalSection
	GlobalSection(SolutionProperties) = preSolution
		HideSolutionNode = FALSE
	EndGlobalSection
	GlobalSection(ExtensibilityGlobals) = postSolution
		SolutionGuid = {2E9ADE4A-806A-4C22-9F9A-8AE7FCF2B036}
	EndGlobalSection
EndGlobal
